
Microsoft Visual Studio Solution File, Format Version 12.00
# Visual Studio Version 16
VisualStudioVersion = 16.0.33423.256
MinimumVisualStudioVersion = 10.0.40219.1
Project("{9A19103F-16F7-4668-BE54-9A1E7A4F7556}") = "DAL", "DAL\DAL.csproj", "{80C22F55-8941-49F4-9785-13072CAED12B}"
EndProject
Project("{9A19103F-16F7-4668-BE54-9A1E7A4F7556}") = "EntityLayer", "EntityLayer\EntityLayer.csproj", "{03B2D8C1-365E-4C4C-811D-88A6FC088208}"
EndProject
Project("{9A19103F-16F7-4668-BE54-9A1E7A4F7556}") = "UILayer", "UILayer\UILayer.csproj", "{3B256ED2-E692-44C4-B0DE-6F0B38C75AB2}"
EndProject
Project("{FAE04EC0-301F-11D3-BF4B-00C04F79EFBC}") = "EmployeeWebApi", "EmployeeWebApi\EmployeeWebApi.csproj", "{1B941EF6-CAD7-4F40-9A15-DC072986F20A}"
EndProject
Global
	GlobalSection(SolutionConfigurationPlatforms) = preSolution
		Debug|Any CPU = Debug|Any CPU
		Release|Any CPU = Release|Any CPU
	EndGlobalSection
	GlobalSection(ProjectConfigurationPlatforms) = postSolution
		{80C22F55-8941-49F4-9785-13072CAED12B}.Debug|Any CPU.ActiveCfg = Debug|Any CPU
		{80C22F55-8941-49F4-9785-13072CAED12B}.Debug|Any CPU.Build.0 = Debug|Any CPU
		{80C22F55-8941-49F4-9785-13072CAED12B}.Release|Any CPU.ActiveCfg = Release|Any CPU
		{80C22F55-8941-49F4-9785-13072CAED12B}.Release|Any CPU.Build.0 = Release|Any CPU
		{03B2D8C1-365E-4C4C-811D-88A6FC088208}.Debug|Any CPU.ActiveCfg = Debug|Any CPU
		{03B2D8C1-365E-4C4C-811D-88A6FC088208}.Debug|Any CPU.Build.0 = Debug|Any CPU
		{03B2D8C1-365E-4C4C-811D-88A6FC088208}.Release|Any CPU.ActiveCfg = Release|Any CPU
		{03B2D8C1-365E-4C4C-811D-88A6FC088208}.Release|Any CPU.Build.0 = Release|Any CPU
		{3B256ED2-E692-44C4-B0DE-6F0B38C75AB2}.Debug|Any CPU.ActiveCfg = Debug|Any CPU
		{3B256ED2-E692-44C4-B0DE-6F0B38C75AB2}.Debug|Any CPU.Build.0 = Debug|Any CPU
		{3B256ED2-E692-44C4-B0DE-6F0B38C75AB2}.Release|Any CPU.ActiveCfg = Release|Any CPU
		{3B256ED2-E692-44C4-B0DE-6F0B38C75AB2}.Release|Any CPU.Build.0 = Release|Any CPU
		{1B941EF6-CAD7-4F40-9A15-DC072986F20A}.Debug|Any CPU.ActiveCfg = Debug|Any CPU
		{1B941EF6-CAD7-4F40-9A15-DC072986F20A}.Debug|Any CPU.Build.0 = Debug|Any CPU
		{1B941EF6-CAD7-4F40-9A15-DC072986F20A}.Release|Any CPU.ActiveCfg = Release|Any CPU
		{1B941EF6-CAD7-4F40-9A15-DC072986F20A}.Release|Any CPU.Build.0 = Release|Any CPU
	EndGlobalSection
	GlobalSection(SolutionProperties) = preSolution
		HideSolutionNode = FALSE
	EndGlobalSection
	GlobalSection(ExtensibilityGlobals) = postSolution
		SolutionGuid = {D472B10E-90D7-4199-976F-24292B32C0A9}
	EndGlobalSection
EndGlobal
